# This file is generated by running "yarn install" inside your project.
# Manual changes might be lost - proceed with caution!

__metadata:
  version: 8
  cacheKey: 10c0

"@rep/bar@workspace:^, @rep/bar@workspace:packages/bar":
  version: 0.0.0-use.local
  resolution: "@rep/bar@workspace:packages/bar"
  dependencies:
    "@rep/foo": "workspace:^"
    typescript: "npm:^5.5.0-dev.20240515"
  languageName: unknown
  linkType: soft

"@rep/baz@workspace:^, @rep/baz@workspace:packages/baz":
  version: 0.0.0-use.local
  resolution: "@rep/baz@workspace:packages/baz"
  dependencies:
    "@rep/bar": "workspace:^"
    typescript: "npm:^5.5.0-dev.20240515"
  languageName: unknown
  linkType: soft

"@rep/foo@workspace:^, @rep/foo@workspace:packages/foo":
  version: 0.0.0-use.local
  resolution: "@rep/foo@workspace:packages/foo"
  dependencies:
    typescript: "npm:^5.5.0-dev.20240515"
  languageName: unknown
  linkType: soft

"@rep/qux@workspace:packages/qux":
  version: 0.0.0-use.local
  resolution: "@rep/qux@workspace:packages/qux"
  dependencies:
    "@rep/baz": "workspace:^"
    typescript: "npm:^5.5.0-dev.20240515"
  languageName: unknown
  linkType: soft

"turbo-darwin-64@npm:1.13.3":
  version: 1.13.3
  resolution: "turbo-darwin-64@npm:1.13.3"
  conditions: os=darwin & cpu=x64
  languageName: node
  linkType: hard

"turbo-darwin-arm64@npm:1.13.3":
  version: 1.13.3
  resolution: "turbo-darwin-arm64@npm:1.13.3"
  conditions: os=darwin & cpu=arm64
  languageName: node
  linkType: hard

"turbo-linux-64@npm:1.13.3":
  version: 1.13.3
  resolution: "turbo-linux-64@npm:1.13.3"
  conditions: os=linux & cpu=x64
  languageName: node
  linkType: hard

"turbo-linux-arm64@npm:1.13.3":
  version: 1.13.3
  resolution: "turbo-linux-arm64@npm:1.13.3"
  conditions: os=linux & cpu=arm64
  languageName: node
  linkType: hard

"turbo-windows-64@npm:1.13.3":
  version: 1.13.3
  resolution: "turbo-windows-64@npm:1.13.3"
  conditions: os=win32 & cpu=x64
  languageName: node
  linkType: hard

"turbo-windows-arm64@npm:1.13.3":
  version: 1.13.3
  resolution: "turbo-windows-arm64@npm:1.13.3"
  conditions: os=win32 & cpu=arm64
  languageName: node
  linkType: hard

"turbo@npm:^1.13.3":
  version: 1.13.3
  resolution: "turbo@npm:1.13.3"
  dependencies:
    turbo-darwin-64: "npm:1.13.3"
    turbo-darwin-arm64: "npm:1.13.3"
    turbo-linux-64: "npm:1.13.3"
    turbo-linux-arm64: "npm:1.13.3"
    turbo-windows-64: "npm:1.13.3"
    turbo-windows-arm64: "npm:1.13.3"
  dependenciesMeta:
    turbo-darwin-64:
      optional: true
    turbo-darwin-arm64:
      optional: true
    turbo-linux-64:
      optional: true
    turbo-linux-arm64:
      optional: true
    turbo-windows-64:
      optional: true
    turbo-windows-arm64:
      optional: true
  bin:
    turbo: bin/turbo
  checksum: 10c0/0382cc88f65a6690e97d30a6ad5d9b9ede7705f5f57edea27629408b166eff4a5938824746ce2cbcd50d2b64ebdbd359160e2cbe009f0bfd6f144997f9f6705b
  languageName: node
  linkType: hard

"typescript@npm:^5.5.0-dev.20240515":
  version: 5.5.0-dev.20240515
  resolution: "typescript@npm:5.5.0-dev.20240515"
  bin:
    tsc: bin/tsc
    tsserver: bin/tsserver
  checksum: 10c0/52e467f584682a4415c405e030f758e135a41e1147a7c203addc731cd5cf06ddd931e9dced545eb5898776e5e4cc194969410656d09004a27f58c5912697d8a0
  languageName: node
  linkType: hard

"typescript@patch:typescript@npm%3A^5.5.0-dev.20240515#optional!builtin<compat/typescript>":
  version: 5.5.0-dev.20240515
  resolution: "typescript@patch:typescript@npm%3A5.5.0-dev.20240515#optional!builtin<compat/typescript>::version=5.5.0-dev.20240515&hash=b45daf"
  bin:
    tsc: bin/tsc
    tsserver: bin/tsserver
  checksum: 10c0/b164eb7578c6310f4398920bc2a5b794907d5024c4f9c60b0818c653790185bd9047884e78ed169e87f3be247d72f4d7af7b05152fe90c74d9fdc360191f29cc
  languageName: node
  linkType: hard

"yarn-typescript-reproduce@workspace:.":
  version: 0.0.0-use.local
  resolution: "yarn-typescript-reproduce@workspace:."
  dependencies:
    turbo: "npm:^1.13.3"
    typescript: "npm:^5.5.0-dev.20240515"
  languageName: unknown
  linkType: soft
